
Microsoft Visual Studio Solution File, Format Version 12.00
# Visual Studio Version 17
VisualStudioVersion = 17.6.33815.320
MinimumVisualStudioVersion = 10.0.40219.1
Project("{FAE04EC0-301F-11D3-BF4B-00C04F79EFBC}") = "ModaVista-Back", "ModaVista-Back\ModaVista-Back.csproj", "{9F2F2157-C157-42DE-8E7A-BD11A0C2B577}"
EndProject
Global
	GlobalSection(SolutionConfigurationPlatforms) = preSolution
		Debug|Any CPU = Debug|Any CPU
		Release|Any CPU = Release|Any CPU
	EndGlobalSection
	GlobalSection(ProjectConfigurationPlatforms) = postSolution
		{9F2F2157-C157-42DE-8E7A-BD11A0C2B577}.Debug|Any CPU.ActiveCfg = Debug|Any CPU
		{9F2F2157-C157-42DE-8E7A-BD11A0C2B577}.Debug|Any CPU.Build.0 = Debug|Any CPU
		{9F2F2157-C157-42DE-8E7A-BD11A0C2B577}.Release|Any CPU.ActiveCfg = Release|Any CPU
		{9F2F2157-C157-42DE-8E7A-BD11A0C2B577}.Release|Any CPU.Build.0 = Release|Any CPU
	EndGlobalSection
	GlobalSection(SolutionProperties) = preSolution
		HideSolutionNode = FALSE
	EndGlobalSection
	GlobalSection(ExtensibilityGlobals) = postSolution
		SolutionGuid = {76309166-760C-4004-B07D-6AB7661F8CEF}
	EndGlobalSection
EndGlobal
